
Microsoft Visual Studio Solution File, Format Version 12.00
# Visual Studio Version 17
VisualStudioVersion = 17.10.35122.118
MinimumVisualStudioVersion = 10.0.40219.1
Project("{FAE04EC0-301F-11D3-BF4B-00C04F79EFBC}") = "TicketSystem", "TicketSystem.csproj", "{C391634C-508D-4F2E-AB18-4FB4BCB840C9}"
EndProject
Global
	GlobalSection(SolutionConfigurationPlatforms) = preSolution
		Debug|Any CPU = Debug|Any CPU
		Release|Any CPU = Release|Any CPU
	EndGlobalSection
	GlobalSection(ProjectConfigurationPlatforms) = postSolution
		{C391634C-508D-4F2E-AB18-4FB4BCB840C9}.Debug|Any CPU.ActiveCfg = Debug|Any CPU
		{C391634C-508D-4F2E-AB18-4FB4BCB840C9}.Debug|Any CPU.Build.0 = Debug|Any CPU
		{C391634C-508D-4F2E-AB18-4FB4BCB840C9}.Release|Any CPU.ActiveCfg = Release|Any CPU
		{C391634C-508D-4F2E-AB18-4FB4BCB840C9}.Release|Any CPU.Build.0 = Release|Any CPU
	EndGlobalSection
	GlobalSection(SolutionProperties) = preSolution
		HideSolutionNode = FALSE
	EndGlobalSection
	GlobalSection(ExtensibilityGlobals) = postSolution
		SolutionGuid = {FD8D7566-1C3B-4E9A-AA79-BE878662F479}
	EndGlobalSection
EndGlobal
